
Microsoft Visual Studio Solution File, Format Version 12.00
# Visual Studio Version 17
VisualStudioVersion = 17.10.35013.160
MinimumVisualStudioVersion = 10.0.40219.1
Project("{8BC9CEB8-8B4A-11D0-8D11-00A0C91BC942}") = "pw-2FA", "pw-2FA\pw-2FA.vcxproj", "{AA0C6739-9AE2-484B-ACC2-2B626D73EA80}"
EndProject
Global
	GlobalSection(SolutionConfigurationPlatforms) = preSolution
		Debug|x64 = Debug|x64
		Debug|x86 = Debug|x86
		Release|x64 = Release|x64
		Release|x86 = Release|x86
	EndGlobalSection
	GlobalSection(ProjectConfigurationPlatforms) = postSolution
		{AA0C6739-9AE2-484B-ACC2-2B626D73EA80}.Debug|x64.ActiveCfg = Debug|x64
		{AA0C6739-9AE2-484B-ACC2-2B626D73EA80}.Debug|x64.Build.0 = Debug|x64
		{AA0C6739-9AE2-484B-ACC2-2B626D73EA80}.Debug|x86.ActiveCfg = Debug|Win32
		{AA0C6739-9AE2-484B-ACC2-2B626D73EA80}.Debug|x86.Build.0 = Debug|Win32
		{AA0C6739-9AE2-484B-ACC2-2B626D73EA80}.Release|x64.ActiveCfg = Release|x64
		{AA0C6739-9AE2-484B-ACC2-2B626D73EA80}.Release|x64.Build.0 = Release|x64
		{AA0C6739-9AE2-484B-ACC2-2B626D73EA80}.Release|x86.ActiveCfg = Release|Win32
		{AA0C6739-9AE2-484B-ACC2-2B626D73EA80}.Release|x86.Build.0 = Release|Win32
	EndGlobalSection
	GlobalSection(SolutionProperties) = preSolution
		HideSolutionNode = FALSE
	EndGlobalSection
	GlobalSection(ExtensibilityGlobals) = postSolution
		SolutionGuid = {2F85A905-E2F5-4202-8E4B-DFEC01840590}
	EndGlobalSection
EndGlobal
